
Microsoft Visual Studio Solution File, Format Version 12.00
# Visual Studio Version 17
VisualStudioVersion = 17.0.31903.59
MinimumVisualStudioVersion = 10.0.40219.1
Project("{FAE04EC0-301F-11D3-BF4B-00C04F79EFBC}") = "Text.Tests", "Text.Tests\Text.Tests.csproj", "{F3DC2B1E-8F5C-4448-9B7C-A7011265BE8C}"
EndProject
Project("{FAE04EC0-301F-11D3-BF4B-00C04F79EFBC}") = "Text", "Text\Text.csproj", "{13AC0761-E72F-4D31-9BF8-309721A0EA3C}"
EndProject
Global
	GlobalSection(SolutionConfigurationPlatforms) = preSolution
		Debug|Any CPU = Debug|Any CPU
		Release|Any CPU = Release|Any CPU
	EndGlobalSection
	GlobalSection(SolutionProperties) = preSolution
		HideSolutionNode = FALSE
	EndGlobalSection
	GlobalSection(ProjectConfigurationPlatforms) = postSolution
		{F3DC2B1E-8F5C-4448-9B7C-A7011265BE8C}.Debug|Any CPU.ActiveCfg = Debug|Any CPU
		{F3DC2B1E-8F5C-4448-9B7C-A7011265BE8C}.Debug|Any CPU.Build.0 = Debug|Any CPU
		{F3DC2B1E-8F5C-4448-9B7C-A7011265BE8C}.Release|Any CPU.ActiveCfg = Release|Any CPU
		{F3DC2B1E-8F5C-4448-9B7C-A7011265BE8C}.Release|Any CPU.Build.0 = Release|Any CPU
		{13AC0761-E72F-4D31-9BF8-309721A0EA3C}.Debug|Any CPU.ActiveCfg = Debug|Any CPU
		{13AC0761-E72F-4D31-9BF8-309721A0EA3C}.Debug|Any CPU.Build.0 = Debug|Any CPU
		{13AC0761-E72F-4D31-9BF8-309721A0EA3C}.Release|Any CPU.ActiveCfg = Release|Any CPU
		{13AC0761-E72F-4D31-9BF8-309721A0EA3C}.Release|Any CPU.Build.0 = Release|Any CPU
	EndGlobalSection
EndGlobal
