
Microsoft Visual Studio Solution File, Format Version 12.00
# Visual Studio Version 17
VisualStudioVersion = 17.0.31903.59
MinimumVisualStudioVersion = 10.0.40219.1
Project("{FAE04EC0-301F-11D3-BF4B-00C04F79EFBC}") = "Text", "Text\Text.csproj", "{71958A93-6874-4863-8870-FCF6F72AE3D9}"
EndProject
Project("{FAE04EC0-301F-11D3-BF4B-00C04F79EFBC}") = "Text.Tests", "Text.Tests\Text.Tests.csproj", "{197840F1-2F1A-42C4-9325-2CBBE274D58F}"
EndProject
Global
	GlobalSection(SolutionConfigurationPlatforms) = preSolution
		Debug|Any CPU = Debug|Any CPU
		Release|Any CPU = Release|Any CPU
	EndGlobalSection
	GlobalSection(SolutionProperties) = preSolution
		HideSolutionNode = FALSE
	EndGlobalSection
	GlobalSection(ProjectConfigurationPlatforms) = postSolution
		{71958A93-6874-4863-8870-FCF6F72AE3D9}.Debug|Any CPU.ActiveCfg = Debug|Any CPU
		{71958A93-6874-4863-8870-FCF6F72AE3D9}.Debug|Any CPU.Build.0 = Debug|Any CPU
		{71958A93-6874-4863-8870-FCF6F72AE3D9}.Release|Any CPU.ActiveCfg = Release|Any CPU
		{71958A93-6874-4863-8870-FCF6F72AE3D9}.Release|Any CPU.Build.0 = Release|Any CPU
		{197840F1-2F1A-42C4-9325-2CBBE274D58F}.Debug|Any CPU.ActiveCfg = Debug|Any CPU
		{197840F1-2F1A-42C4-9325-2CBBE274D58F}.Debug|Any CPU.Build.0 = Debug|Any CPU
		{197840F1-2F1A-42C4-9325-2CBBE274D58F}.Release|Any CPU.ActiveCfg = Release|Any CPU
		{197840F1-2F1A-42C4-9325-2CBBE274D58F}.Release|Any CPU.Build.0 = Release|Any CPU
	EndGlobalSection
EndGlobal
